// !$*UTF8*$!
{
	archiveVersion = 1;
	classes = {
	};
	objectVersion = 46;
	objects = {

/* Begin PBXBuildFile section */
		03F698071EC1F97C00C0CD3D /* AppDelegate.swift in Sources */ = {isa = PBXBuildFile; fileRef = 03F698061EC1F97C00C0CD3D /* AppDelegate.swift */; };
		03F698091EC1F97C00C0CD3D /* ViewController.swift in Sources */ = {isa = PBXBuildFile; fileRef = 03F698081EC1F97C00C0CD3D /* ViewController.swift */; };
		03F6980C1EC1F97C00C0CD3D /* Main.storyboard in Resources */ = {isa = PBXBuildFile; fileRef = 03F6980A1EC1F97C00C0CD3D /* Main.storyboard */; };
		03F6980E1EC1F97C00C0CD3D /* Assets.xcassets in Resources */ = {isa = PBXBuildFile; fileRef = 03F6980D1EC1F97C00C0CD3D /* Assets.xcassets */; };
		03F698111EC1F97C00C0CD3D /* LaunchScreen.storyboard in Resources */ = {isa = PBXBuildFile; fileRef = 03F6980F1EC1F97C00C0CD3D /* LaunchScreen.storyboard */; };
		03F6981E1EC1FA5B00C0CD3D /* NotificationCenter.framework in Frameworks */ = {isa = PBXBuildFile; fileRef = 03F6981D1EC1FA5B00C0CD3D /* NotificationCenter.framework */; };
		03F698211EC1FA5B00C0CD3D /* TodayViewController.swift in Sources */ = {isa = PBXBuildFile; fileRef = 03F698201EC1FA5B00C0CD3D /* TodayViewController.swift */; };
		03F698241EC1FA5B00C0CD3D /* MainInterface.storyboard in Resources */ = {isa = PBXBuildFile; fileRef = 03F698221EC1FA5B00C0CD3D /* MainInterface.storyboard */; };
		03F698281EC1FA5B00C0CD3D /* todayWidget.appex in Embed App Extensions */ = {isa = PBXBuildFile; fileRef = 03F6981C1EC1FA5B00C0CD3D /* todayWidget.appex */; settings = {ATTRIBUTES = (RemoveHeadersOnCopy, ); }; };
/* End PBXBuildFile section */

/* Begin PBXContainerItemProxy section */
		03F698261EC1FA5B00C0CD3D /* PBXContainerItemProxy */ = {
			isa = PBXContainerItemProxy;
			containerPortal = 03F697FB1EC1F97C00C0CD3D /* Project object */;
			proxyType = 1;
			remoteGlobalIDString = 03F6981B1EC1FA5B00C0CD3D;
			remoteInfo = todayWidget;
		};
/* End PBXContainerItemProxy section */

/* Begin PBXCopyFilesBuildPhase section */
		03F6982C1EC1FA5B00C0CD3D /* Embed App Extensions */ = {
			isa = PBXCopyFilesBuildPhase;
			buildActionMask = 2147483647;
			dstPath = "";
			dstSubfolderSpec = 13;
			files = (
				03F698281EC1FA5B00C0CD3D /* todayWidget.appex in Embed App Extensions */,
			);
			name = "Embed App Extensions";
			runOnlyForDeploymentPostprocessing = 0;
		};
/* End PBXCopyFilesBuildPhase section */

/* Begin PBXFileReference section */
		03F698031EC1F97C00C0CD3D /* SubspecProblemExample.app */ = {isa = PBXFileReference; explicitFileType = wrapper.application; includeInIndex = 0; path = SubspecProblemExample.app; sourceTree = BUILT_PRODUCTS_DIR; };
		03F698061EC1F97C00C0CD3D /* AppDelegate.swift */ = {isa = PBXFileReference; lastKnownFileType = sourcecode.swift; path = AppDelegate.swift; sourceTree = "<group>"; };
		03F698081EC1F97C00C0CD3D /* ViewController.swift */ = {isa = PBXFileReference; lastKnownFileType = sourcecode.swift; path = ViewController.swift; sourceTree = "<group>"; };
		03F6980B1EC1F97C00C0CD3D /* Base */ = {isa = PBXFileReference; lastKnownFileType = file.storyboard; name = Base; path = Base.lproj/Main.storyboard; sourceTree = "<group>"; };
		03F6980D1EC1F97C00C0CD3D /* Assets.xcassets */ = {isa = PBXFileReference; lastKnownFileType = folder.assetcatalog; path = Assets.xcassets; sourceTree = "<group>"; };
		03F698101EC1F97C00C0CD3D /* Base */ = {isa = PBXFileReference; lastKnownFileType = file.storyboard; name = Base; path = Base.lproj/LaunchScreen.storyboard; sourceTree = "<group>"; };
		03F698121EC1F97C00C0CD3D /* Info.plist */ = {isa = PBXFileReference; lastKnownFileType = text.plist.xml; path = Info.plist; sourceTree = "<group>"; };
		03F6981C1EC1FA5B00C0CD3D /* todayWidget.appex */ = {isa = PBXFileReference; explicitFileType = "wrapper.app-extension"; includeInIndex = 0; path = todayWidget.appex; sourceTree = BUILT_PRODUCTS_DIR; };
		03F6981D1EC1FA5B00C0CD3D /* NotificationCenter.framework */ = {isa = PBXFileReference; lastKnownFileType = wrapper.framework; name = NotificationCenter.framework; path = System/Library/Frameworks/NotificationCenter.framework; sourceTree = SDKROOT; };
		03F698201EC1FA5B00C0CD3D /* TodayViewController.swift */ = {isa = PBXFileReference; lastKnownFileType = sourcecode.swift; path = TodayViewController.swift; sourceTree = "<group>"; };
		03F698231EC1FA5B00C0CD3D /* Base */ = {isa = PBXFileReference; lastKnownFileType = file.storyboard; name = Base; path = Base.lproj/MainInterface.storyboard; sourceTree = "<group>"; };
		03F698251EC1FA5B00C0CD3D /* Info.plist */ = {isa = PBXFileReference; lastKnownFileType = text.plist.xml; path = Info.plist; sourceTree = "<group>"; };
/* End PBXFileReference section */

/* Begin PBXFrameworksBuildPhase section */
		03F698001EC1F97C00C0CD3D /* Frameworks */ = {
			isa = PBXFrameworksBuildPhase;
			buildActionMask = 2147483647;
			files = (
			);
			runOnlyForDeploymentPostprocessing = 0;
		};
		03F698191EC1FA5B00C0CD3D /* Frameworks */ = {
			isa = PBXFrameworksBuildPhase;
			buildActionMask = 2147483647;
			files = (
				03F6981E1EC1FA5B00C0CD3D /* NotificationCenter.framework in Frameworks */,
			);
			runOnlyForDeploymentPostprocessing = 0;
		};
/* End PBXFrameworksBuildPhase section */

/* Begin PBXGroup section */
		03F697FA1EC1F97C00C0CD3D = {
			isa = PBXGroup;
			children = (
				03F698051EC1F97C00C0CD3D /* SubspecProblemExample */,
				03F6981F1EC1FA5B00C0CD3D /* todayWidget */,
				03F698041EC1F97C00C0CD3D /* Products */,
				611BE8A1632F92BBF881A53B /* Frameworks */,
			);
			sourceTree = "<group>";
		};
		03F698041EC1F97C00C0CD3D /* Products */ = {
			isa = PBXGroup;
			children = (
				03F698031EC1F97C00C0CD3D /* SubspecProblemExample.app */,
				03F6981C1EC1FA5B00C0CD3D /* todayWidget.appex */,
			);
			name = Products;
			sourceTree = "<group>";
		};
		03F698051EC1F97C00C0CD3D /* SubspecProblemExample */ = {
			isa = PBXGroup;
			children = (
				03F698061EC1F97C00C0CD3D /* AppDelegate.swift */,
				03F698081EC1F97C00C0CD3D /* ViewController.swift */,
				03F6980A1EC1F97C00C0CD3D /* Main.storyboard */,
				03F6980D1EC1F97C00C0CD3D /* Assets.xcassets */,
				03F6980F1EC1F97C00C0CD3D /* LaunchScreen.storyboard */,
				03F698121EC1F97C00C0CD3D /* Info.plist */,
			);
			path = SubspecProblemExample;
			sourceTree = "<group>";
		};
		03F6981F1EC1FA5B00C0CD3D /* todayWidget */ = {
			isa = PBXGroup;
			children = (
				03F698201EC1FA5B00C0CD3D /* TodayViewController.swift */,
				03F698221EC1FA5B00C0CD3D /* MainInterface.storyboard */,
				03F698251EC1FA5B00C0CD3D /* Info.plist */,
			);
			path = todayWidget;
			sourceTree = "<group>";
		};
		611BE8A1632F92BBF881A53B /* Frameworks */ = {
			isa = PBXGroup;
			children = (
				03F6981D1EC1FA5B00C0CD3D /* NotificationCenter.framework */,
			);
			name = Frameworks;
			sourceTree = "<group>";
		};
/* End PBXGroup section */

/* Begin PBXNativeTarget section */
		03F698021EC1F97C00C0CD3D /* SubspecProblemExample */ = {
			isa = PBXNativeTarget;
			buildConfigurationList = 03F698151EC1F97C00C0CD3D /* Build configuration list for PBXNativeTarget "SubspecProblemExample" */;
			buildPhases = (
				03F697FF1EC1F97C00C0CD3D /* Sources */,
				03F698001EC1F97C00C0CD3D /* Frameworks */,
				03F698011EC1F97C00C0CD3D /* Resources */,
				03F6982C1EC1FA5B00C0CD3D /* Embed App Extensions */,
			);
			buildRules = (
			);
			dependencies = (
				03F698271EC1FA5B00C0CD3D /* PBXTargetDependency */,
			);
			name = SubspecProblemExample;
			productName = SubspecProblemExample;
			productReference = 03F698031EC1F97C00C0CD3D /* SubspecProblemExample.app */;
			productType = "com.apple.product-type.application";
		};
		03F6981B1EC1FA5B00C0CD3D /* todayWidget */ = {
			isa = PBXNativeTarget;
			buildConfigurationList = 03F6982B1EC1FA5B00C0CD3D /* Build configuration list for PBXNativeTarget "todayWidget" */;
			buildPhases = (
				03F698181EC1FA5B00C0CD3D /* Sources */,
				03F698191EC1FA5B00C0CD3D /* Frameworks */,
				03F6981A1EC1FA5B00C0CD3D /* Resources */,
			);
			buildRules = (
			);
			dependencies = (
			);
			name = todayWidget;
			productName = todayWidget;
			productReference = 03F6981C1EC1FA5B00C0CD3D /* todayWidget.appex */;
			productType = "com.apple.product-type.app-extension";
		};
/* End PBXNativeTarget section */

/* Begin PBXProject section */
		03F697FB1EC1F97C00C0CD3D /* Project object */ = {
			isa = PBXProject;
			attributes = {
				LastSwiftUpdateCheck = 0830;
				LastUpgradeCheck = 0830;
				ORGANIZATIONNAME = "Erik Zier";
				TargetAttributes = {
					03F698021EC1F97C00C0CD3D = {
						CreatedOnToolsVersion = 8.3.2;
						ProvisioningStyle = Automatic;
					};
					03F6981B1EC1FA5B00C0CD3D = {
						CreatedOnToolsVersion = 8.3.2;
						ProvisioningStyle = Automatic;
					};
				};
			};
			buildConfigurationList = 03F697FE1EC1F97C00C0CD3D /* Build configuration list for PBXProject "SubspecProblemExample" */;
			compatibilityVersion = "Xcode 3.2";
			developmentRegion = English;
			hasScannedForEncodings = 0;
			knownRegions = (
				en,
				Base,
			);
			mainGroup = 03F697FA1EC1F97C00C0CD3D;
			productRefGroup = 03F698041EC1F97C00C0CD3D /* Products */;
			projectDirPath = "";
			projectRoot = "";
			targets = (
				03F698021EC1F97C00C0CD3D /* SubspecProblemExample */,
				03F6981B1EC1FA5B00C0CD3D /* todayWidget */,
			);
		};
/* End PBXProject section */

/* Begin PBXResourcesBuildPhase section */
		03F698011EC1F97C00C0CD3D /* Resources */ = {
			isa = PBXResourcesBuildPhase;
			buildActionMask = 2147483647;
			files = (
				03F698111EC1F97C00C0CD3D /* LaunchScreen.storyboard in Resources */,
				03F6980E1EC1F97C00C0CD3D /* Assets.xcassets in Resources */,
				03F6980C1EC1F97C00C0CD3D /* Main.storyboard in Resources */,
			);
			runOnlyForDeploymentPostprocessing = 0;
		};
		03F6981A1EC1FA5B00C0CD3D /* Resources */ = {
			isa = PBXResourcesBuildPhase;
			buildActionMask = 2147483647;
			files = (
				03F698241EC1FA5B00C0CD3D /* MainInterface.storyboard in Resources */,
			);
			runOnlyForDeploymentPostprocessing = 0;
		};
/* End PBXResourcesBuildPhase section */

/* Begin PBXSourcesBuildPhase section */
		03F697FF1EC1F97C00C0CD3D /* Sources */ = {
			isa = PBXSourcesBuildPhase;
			buildActionMask = 2147483647;
			files = (
				03F698091EC1F97C00C0CD3D /* ViewController.swift in Sources */,
				03F698071EC1F97C00C0CD3D /* AppDelegate.swift in Sources */,
			);
			runOnlyForDeploymentPostprocessing = 0;
		};
		03F698181EC1FA5B00C0CD3D /* Sources */ = {
			isa = PBXSourcesBuildPhase;
			buildActionMask = 2147483647;
			files = (
				03F698211EC1FA5B00C0CD3D /* TodayViewController.swift in Sources */,
			);
			runOnlyForDeploymentPostprocessing = 0;
		};
/* End PBXSourcesBuildPhase section */

/* Begin PBXTargetDependency section */
		03F698271EC1FA5B00C0CD3D /* PBXTargetDependency */ = {
			isa = PBXTargetDependency;
			target = 03F6981B1EC1FA5B00C0CD3D /* todayWidget */;
			targetProxy = 03F698261EC1FA5B00C0CD3D /* PBXContainerItemProxy */;
		};
/* End PBXTargetDependency section */

/* Begin PBXVariantGroup section */
		03F6980A1EC1F97C00C0CD3D /* Main.storyboard */ = {
			isa = PBXVariantGroup;
			children = (
				03F6980B1EC1F97C00C0CD3D /* Base */,
			);
			name = Main.storyboard;
			sourceTree = "<group>";
		};
		03F6980F1EC1F97C00C0CD3D /* LaunchScreen.storyboard */ = {
			isa = PBXVariantGroup;
			children = (
				03F698101EC1F97C00C0CD3D /* Base */,
			);
			name = LaunchScreen.storyboard;
			sourceTree = "<group>";
		};
		03F698221EC1FA5B00C0CD3D /* MainInterface.storyboard */ = {
			isa = PBXVariantGroup;
			children = (
				03F698231EC1FA5B00C0CD3D /* Base */,
			);
			name = MainInterface.storyboard;
			sourceTree = "<group>";
		};
/* End PBXVariantGroup section */

/* Begin XCBuildConfiguration section */
		03F698131EC1F97C00C0CD3D /* Debug */ = {
			isa = XCBuildConfiguration;
			buildSettings = {
				ALWAYS_SEARCH_USER_PATHS = NO;
				CLANG_ANALYZER_NONNULL = YES;
				CLANG_ANALYZER_NUMBER_OBJECT_CONVERSION = YES_AGGRESSIVE;
				CLANG_CXX_LANGUAGE_STANDARD = "gnu++0x";
				CLANG_CXX_LIBRARY = "libc++";
				CLANG_ENABLE_MODULES = YES;
				CLANG_ENABLE_OBJC_ARC = YES;
				CLANG_WARN_BOOL_CONVERSION = YES;
				CLANG_WARN_CONSTANT_CONVERSION = YES;
				CLANG_WARN_DIRECT_OBJC_ISA_USAGE = YES_ERROR;
				CLANG_WARN_DOCUMENTATION_COMMENTS = YES;
				CLANG_WARN_EMPTY_BODY = YES;
				CLANG_WARN_ENUM_CONVERSION = YES;
				CLANG_WARN_INFINITE_RECURSION = YES;
				CLANG_WARN_INT_CONVERSION = YES;
				CLANG_WARN_OBJC_ROOT_CLASS = YES_ERROR;
				CLANG_WARN_SUSPICIOUS_MOVE = YES;
				CLANG_WARN_UNREACHABLE_CODE = YES;
				CLANG_WARN__DUPLICATE_METHOD_MATCH = YES;
				"CODE_SIGN_IDENTITY[sdk=iphoneos*]" = "iPhone Developer";
				COPY_PHASE_STRIP = NO;
				DEBUG_INFORMATION_FORMAT = dwarf;
				ENABLE_STRICT_OBJC_MSGSEND = YES;
				ENABLE_TESTABILITY = YES;
				GCC_C_LANGUAGE_STANDARD = gnu99;
				GCC_DYNAMIC_NO_PIC = NO;
				GCC_NO_COMMON_BLOCKS = YES;
				GCC_OPTIMIZATION_LEVEL = 0;
				GCC_PREPROCESSOR_DEFINITIONS = (
					"DEBUG=1",
					"$(inherited)",
				);
				GCC_WARN_64_TO_32_BIT_CONVERSION = YES;
				GCC_WARN_ABOUT_RETURN_TYPE = YES_ERROR;
				GCC_WARN_UNDECLARED_SELECTOR = YES;
				GCC_WARN_UNINITIALIZED_AUTOS = YES_AGGRESSIVE;
				GCC_WARN_UNUSED_FUNCTION = YES;
				GCC_WARN_UNUSED_VARIABLE = YES;
				IPHONEOS_DEPLOYMENT_TARGET = 10.3;
				MTL_ENABLE_DEBUG_INFO = YES;
				ONLY_ACTIVE_ARCH = YES;
				SDKROOT = iphoneos;
				SWIFT_ACTIVE_COMPILATION_CONDITIONS = DEBUG;
				SWIFT_OPTIMIZATION_LEVEL = "-Onone";
			};
			name = Debug;
		};
		03F698141EC1F97C00C0CD3D /* Release */ = {
			isa = XCBuildConfiguration;
			buildSettings = {
				ALWAYS_SEARCH_USER_PATHS = NO;
				CLANG_ANALYZER_NONNULL = YES;
				CLANG_ANALYZER_NUMBER_OBJECT_CONVERSION = YES_AGGRESSIVE;
				CLANG_CXX_LANGUAGE_STANDARD = "gnu++0x";
				CLANG_CXX_LIBRARY = "libc++";
				CLANG_ENABLE_MODULES = YES;
				CLANG_ENABLE_OBJC_ARC = YES;
				CLANG_WARN_BOOL_CONVERSION = YES;
				CLANG_WARN_CONSTANT_CONVERSION = YES;
				CLANG_WARN_DIRECT_OBJC_ISA_USAGE = YES_ERROR;
				CLANG_WARN_DOCUMENTATION_COMMENTS = YES;
				CLANG_WARN_EMPTY_BODY = YES;
				CLANG_WARN_ENUM_CONVERSION = YES;
				CLANG_WARN_INFINITE_RECURSION = YES;
				CLANG_WARN_INT_CONVERSION = YES;
				CLANG_WARN_OBJC_ROOT_CLASS = YES_ERROR;
				CLANG_WARN_SUSPICIOUS_MOVE = YES;
				CLANG_WARN_UNREACHABLE_CODE = YES;
				CLANG_WARN__DUPLICATE_METHOD_MATCH = YES;
				"CODE_SIGN_IDENTITY[sdk=iphoneos*]" = "iPhone Developer";
				COPY_PHASE_STRIP = NO;
				DEBUG_INFORMATION_FORMAT = "dwarf-with-dsym";
				ENABLE_NS_ASSERTIONS = NO;
				ENABLE_STRICT_OBJC_MSGSEND = YES;
				GCC_C_LANGUAGE_STANDARD = gnu99;
				GCC_NO_COMMON_BLOCKS = YES;
				GCC_WARN_64_TO_32_BIT_CONVERSION = YES;
				GCC_WARN_ABOUT_RETURN_TYPE = YES_ERROR;
				GCC_WARN_UNDECLARED_SELECTOR = YES;
				GCC_WARN_UNINITIALIZED_AUTOS = YES_AGGRESSIVE;
				GCC_WARN_UNUSED_FUNCTION = YES;
				GCC_WARN_UNUSED_VARIABLE = YES;
				IPHONEOS_DEPLOYMENT_TARGET = 10.3;
				MTL_ENABLE_DEBUG_INFO = NO;
				SDKROOT = iphoneos;
				SWIFT_OPTIMIZATION_LEVEL = "-Owholemodule";
				VALIDATE_PRODUCT = YES;
			};
			name = Release;
		};
		03F698161EC1F97C00C0CD3D /* Debug */ = {
			isa = XCBuildConfiguration;
			buildSettings = {
				ALWAYS_EMBED_SWIFT_STANDARD_LIBRARIES = YES;
				ASSETCATALOG_COMPILER_APPICON_NAME = AppIcon;
				INFOPLIST_FILE = SubspecProblemExample/Info.plist;
				LD_RUNPATH_SEARCH_PATHS = "$(inherited) @executable_path/Frameworks";
				PRODUCT_BUNDLE_IDENTIFIER = com.example.SubspecProblemExample;
				PRODUCT_NAME = "$(TARGET_NAME)";
				SWIFT_VERSION = 3.0;
			};
			name = Debug;
		};
		03F698171EC1F97C00C0CD3D /* Release */ = {
			isa = XCBuildConfiguration;
			buildSettings = {
				ALWAYS_EMBED_SWIFT_STANDARD_LIBRARIES = YES;
				ASSETCATALOG_COMPILER_APPICON_NAME = AppIcon;
				INFOPLIST_FILE = SubspecProblemExample/Info.plist;
				LD_RUNPATH_SEARCH_PATHS = "$(inherited) @executable_path/Frameworks";
				PRODUCT_BUNDLE_IDENTIFIER = com.example.SubspecProblemExample;
				PRODUCT_NAME = "$(TARGET_NAME)";
				SWIFT_VERSION = 3.0;
			};
			name = Release;
		};
		03F698291EC1FA5B00C0CD3D /* Debug */ = {
			isa = XCBuildConfiguration;
			buildSettings = {
				INFOPLIST_FILE = todayWidget/Info.plist;
				LD_RUNPATH_SEARCH_PATHS = "$(inherited) @executable_path/Frameworks @executable_path/../../Frameworks";
				PRODUCT_BUNDLE_IDENTIFIER = com.example.SubspecProblemExample.todayWidget;
				PRODUCT_NAME = "$(TARGET_NAME)";
				SKIP_INSTALL = YES;
				SWIFT_VERSION = 3.0;
			};
			name = Debug;
		};
		03F6982A1EC1FA5B00C0CD3D /* Release */ = {
			isa = XCBuildConfiguration;
			buildSettings = {
				INFOPLIST_FILE = todayWidget/Info.plist;
				LD_RUNPATH_SEARCH_PATHS = "$(inherited) @executable_path/Frameworks @executable_path/../../Frameworks";
				PRODUCT_BUNDLE_IDENTIFIER = com.example.SubspecProblemExample.todayWidget;
				PRODUCT_NAME = "$(TARGET_NAME)";
				SKIP_INSTALL = YES;
				SWIFT_VERSION = 3.0;
			};
			name = Release;
		};
/* End XCBuildConfiguration section */

/* Begin XCConfigurationList section */
		03F697FE1EC1F97C00C0CD3D /* Build configuration list for PBXProject "SubspecProblemExample" */ = {
			isa = XCConfigurationList;
			buildConfigurations = (
				03F698131EC1F97C00C0CD3D /* Debug */,
				03F698141EC1F97C00C0CD3D /* Release */,
			);
			defaultConfigurationIsVisible = 0;
			defaultConfigurationName = Release;
		};
		03F698151EC1F97C00C0CD3D /* Build configuration list for PBXNativeTarget "SubspecProblemExample" */ = {
			isa = XCConfigurationList;
			buildConfigurations = (
				03F698161EC1F97C00C0CD3D /* Debug */,
				03F698171EC1F97C00C0CD3D /* Release */,
			);
			defaultConfigurationIsVisible = 0;
			defaultConfigurationName = Release;
		};
		03F6982B1EC1FA5B00C0CD3D /* Build configuration list for PBXNativeTarget "todayWidget" */ = {
			isa = XCConfigurationList;
			buildConfigurations = (
				03F698291EC1FA5B00C0CD3D /* Debug */,
				03F6982A1EC1FA5B00C0CD3D /* Release */,
			);
			defaultConfigurationIsVisible = 0;
		};
/* End XCConfigurationList section */
	};
	rootObject = 03F697FB1EC1F97C00C0CD3D /* Project object */;
}
